// !$*UTF8*$!
{
	archiveVersion = 1;
	classes = {
	};
	objectVersion = 56;
	objects = {

/* Begin PBXBuildFile section */
		AF6B93CF2C9AAABC00892982 /* AppDelegate.swift in Sources */ = {isa = PBXBuildFile; fileRef = AF6B93CE2C9AAABC00892982 /* AppDelegate.swift */; };
		AF6B93D12C9AAABC00892982 /* SceneDelegate.swift in Sources */ = {isa = PBXBuildFile; fileRef = AF6B93D02C9AAABC00892982 /* SceneDelegate.swift */; };
		AF6B93D32C9AAABC00892982 /* MainScreen.swift in Sources */ = {isa = PBXBuildFile; fileRef = AF6B93D22C9AAABC00892982 /* MainScreen.swift */; };
		AF6B93D82C9AAABF00892982 /* Assets.xcassets in Resources */ = {isa = PBXBuildFile; fileRef = AF6B93D72C9AAABF00892982 /* Assets.xcassets */; };
		AF6B93DB2C9AAABF00892982 /* Base in Resources */ = {isa = PBXBuildFile; fileRef = AF6B93DA2C9AAABF00892982 /* Base */; };
		AF6B93E32C9AB0C600892982 /* DetailScreen.swift in Sources */ = {isa = PBXBuildFile; fileRef = AF6B93E22C9AB0C600892982 /* DetailScreen.swift */; };
		AF6B93E52C9AB45F00892982 /* WizardListVC.swift in Sources */ = {isa = PBXBuildFile; fileRef = AF6B93E42C9AB45F00892982 /* WizardListVC.swift */; };
		AF6B93E72C9AB77000892982 /* UIVIewExt.swift in Sources */ = {isa = PBXBuildFile; fileRef = AF6B93E62C9AB77000892982 /* UIVIewExt.swift */; };
		AF6B93E92C9AB88400892982 /* StudentCell.swift in Sources */ = {isa = PBXBuildFile; fileRef = AF6B93E82C9AB88400892982 /* StudentCell.swift */; };
/* End PBXBuildFile section */

/* Begin PBXFileReference section */
		AF6B93CB2C9AAABC00892982 /* HarryPotterWiki.app */ = {isa = PBXFileReference; explicitFileType = wrapper.application; includeInIndex = 0; path = HarryPotterWiki.app; sourceTree = BUILT_PRODUCTS_DIR; };
		AF6B93CE2C9AAABC00892982 /* AppDelegate.swift */ = {isa = PBXFileReference; lastKnownFileType = sourcecode.swift; path = AppDelegate.swift; sourceTree = "<group>"; };
		AF6B93D02C9AAABC00892982 /* SceneDelegate.swift */ = {isa = PBXFileReference; lastKnownFileType = sourcecode.swift; path = SceneDelegate.swift; sourceTree = "<group>"; };
		AF6B93D22C9AAABC00892982 /* MainScreen.swift */ = {isa = PBXFileReference; lastKnownFileType = sourcecode.swift; path = MainScreen.swift; sourceTree = "<group>"; };
		AF6B93D72C9AAABF00892982 /* Assets.xcassets */ = {isa = PBXFileReference; lastKnownFileType = folder.assetcatalog; path = Assets.xcassets; sourceTree = "<group>"; };
		AF6B93DA2C9AAABF00892982 /* Base */ = {isa = PBXFileReference; lastKnownFileType = file.storyboard; name = Base; path = Base.lproj/LaunchScreen.storyboard; sourceTree = "<group>"; };
		AF6B93DC2C9AAABF00892982 /* Info.plist */ = {isa = PBXFileReference; lastKnownFileType = text.plist.xml; path = Info.plist; sourceTree = "<group>"; };
		AF6B93E22C9AB0C600892982 /* DetailScreen.swift */ = {isa = PBXFileReference; lastKnownFileType = sourcecode.swift; path = DetailScreen.swift; sourceTree = "<group>"; };
		AF6B93E42C9AB45F00892982 /* WizardListVC.swift */ = {isa = PBXFileReference; lastKnownFileType = sourcecode.swift; path = WizardListVC.swift; sourceTree = "<group>"; };
		AF6B93E62C9AB77000892982 /* UIVIewExt.swift */ = {isa = PBXFileReference; lastKnownFileType = sourcecode.swift; path = UIVIewExt.swift; sourceTree = "<group>"; };
		AF6B93E82C9AB88400892982 /* StudentCell.swift */ = {isa = PBXFileReference; lastKnownFileType = sourcecode.swift; path = StudentCell.swift; sourceTree = "<group>"; };
/* End PBXFileReference section */

/* Begin PBXFrameworksBuildPhase section */
		AF6B93C82C9AAABC00892982 /* Frameworks */ = {
			isa = PBXFrameworksBuildPhase;
			buildActionMask = 2147483647;
			files = (
			);
			runOnlyForDeploymentPostprocessing = 0;
		};
/* End PBXFrameworksBuildPhase section */

/* Begin PBXGroup section */
		AF6B93C22C9AAABC00892982 = {
			isa = PBXGroup;
			children = (
				AF6B93CD2C9AAABC00892982 /* HarryPotterWiki */,
				AF6B93CC2C9AAABC00892982 /* Products */,
			);
			sourceTree = "<group>";
		};
		AF6B93CC2C9AAABC00892982 /* Products */ = {
			isa = PBXGroup;
			children = (
				AF6B93CB2C9AAABC00892982 /* HarryPotterWiki.app */,
			);
			name = Products;
			sourceTree = "<group>";
		};
		AF6B93CD2C9AAABC00892982 /* HarryPotterWiki */ = {
			isa = PBXGroup;
			children = (
				AF6B93E62C9AB77000892982 /* UIVIewExt.swift */,
				AF6B93E82C9AB88400892982 /* StudentCell.swift */,
				AF6B93CE2C9AAABC00892982 /* AppDelegate.swift */,
				AF6B93D02C9AAABC00892982 /* SceneDelegate.swift */,
				AF6B93D22C9AAABC00892982 /* MainScreen.swift */,
				AF6B93D72C9AAABF00892982 /* Assets.xcassets */,
				AF6B93D92C9AAABF00892982 /* LaunchScreen.storyboard */,
				AF6B93DC2C9AAABF00892982 /* Info.plist */,
				AF6B93E22C9AB0C600892982 /* DetailScreen.swift */,
				AF6B93E42C9AB45F00892982 /* WizardListVC.swift */,
			);
			path = HarryPotterWiki;
			sourceTree = "<group>";
		};
/* End PBXGroup section */

/* Begin PBXNativeTarget section */
		AF6B93CA2C9AAABC00892982 /* HarryPotterWiki */ = {
			isa = PBXNativeTarget;
			buildConfigurationList = AF6B93DF2C9AAABF00892982 /* Build configuration list for PBXNativeTarget "HarryPotterWiki" */;
			buildPhases = (
				AF6B93C72C9AAABC00892982 /* Sources */,
				AF6B93C82C9AAABC00892982 /* Frameworks */,
				AF6B93C92C9AAABC00892982 /* Resources */,
			);
			buildRules = (
			);
			dependencies = (
			);
			name = HarryPotterWiki;
			productName = HarryPotterWiki;
			productReference = AF6B93CB2C9AAABC00892982 /* HarryPotterWiki.app */;
			productType = "com.apple.product-type.application";
		};
/* End PBXNativeTarget section */

/* Begin PBXProject section */
		AF6B93C32C9AAABC00892982 /* Project object */ = {
			isa = PBXProject;
			attributes = {
				BuildIndependentTargetsInParallel = 1;
				LastSwiftUpdateCheck = 1540;
				LastUpgradeCheck = 1540;
				TargetAttributes = {
					AF6B93CA2C9AAABC00892982 = {
						CreatedOnToolsVersion = 15.4;
					};
				};
			};
			buildConfigurationList = AF6B93C62C9AAABC00892982 /* Build configuration list for PBXProject "HarryPotterWiki" */;
			compatibilityVersion = "Xcode 14.0";
			developmentRegion = en;
			hasScannedForEncodings = 0;
			knownRegions = (
				en,
				Base,
			);
			mainGroup = AF6B93C22C9AAABC00892982;
			productRefGroup = AF6B93CC2C9AAABC00892982 /* Products */;
			projectDirPath = "";
			projectRoot = "";
			targets = (
				AF6B93CA2C9AAABC00892982 /* HarryPotterWiki */,
			);
		};
/* End PBXProject section */

/* Begin PBXResourcesBuildPhase section */
		AF6B93C92C9AAABC00892982 /* Resources */ = {
			isa = PBXResourcesBuildPhase;
			buildActionMask = 2147483647;
			files = (
				AF6B93D82C9AAABF00892982 /* Assets.xcassets in Resources */,
				AF6B93DB2C9AAABF00892982 /* Base in Resources */,
			);
			runOnlyForDeploymentPostprocessing = 0;
		};
/* End PBXResourcesBuildPhase section */

/* Begin PBXSourcesBuildPhase section */
		AF6B93C72C9AAABC00892982 /* Sources */ = {
			isa = PBXSourcesBuildPhase;
			buildActionMask = 2147483647;
			files = (
				AF6B93E32C9AB0C600892982 /* DetailScreen.swift in Sources */,
				AF6B93E52C9AB45F00892982 /* WizardListVC.swift in Sources */,
				AF6B93E72C9AB77000892982 /* UIVIewExt.swift in Sources */,
				AF6B93D32C9AAABC00892982 /* MainScreen.swift in Sources */,
				AF6B93CF2C9AAABC00892982 /* AppDelegate.swift in Sources */,
				AF6B93D12C9AAABC00892982 /* SceneDelegate.swift in Sources */,
				AF6B93E92C9AB88400892982 /* StudentCell.swift in Sources */,
			);
			runOnlyForDeploymentPostprocessing = 0;
		};
/* End PBXSourcesBuildPhase section */

/* Begin PBXVariantGroup section */
		AF6B93D92C9AAABF00892982 /* LaunchScreen.storyboard */ = {
			isa = PBXVariantGroup;
			children = (
				AF6B93DA2C9AAABF00892982 /* Base */,
			);
			name = LaunchScreen.storyboard;
			sourceTree = "<group>";
		};
/* End PBXVariantGroup section */

/* Begin XCBuildConfiguration section */
		AF6B93DD2C9AAABF00892982 /* Debug */ = {
			isa = XCBuildConfiguration;
			buildSettings = {
				ALWAYS_SEARCH_USER_PATHS = NO;
				ASSETCATALOG_COMPILER_GENERATE_SWIFT_ASSET_SYMBOL_EXTENSIONS = YES;
				CLANG_ANALYZER_NONNULL = YES;
				CLANG_ANALYZER_NUMBER_OBJECT_CONVERSION = YES_AGGRESSIVE;
				CLANG_CXX_LANGUAGE_STANDARD = "gnu++20";
				CLANG_ENABLE_MODULES = YES;
				CLANG_ENABLE_OBJC_ARC = YES;
				CLANG_ENABLE_OBJC_WEAK = YES;
				CLANG_WARN_BLOCK_CAPTURE_AUTORELEASING = YES;
				CLANG_WARN_BOOL_CONVERSION = YES;
				CLANG_WARN_COMMA = YES;
				CLANG_WARN_CONSTANT_CONVERSION = YES;
				CLANG_WARN_DEPRECATED_OBJC_IMPLEMENTATIONS = YES;
				CLANG_WARN_DIRECT_OBJC_ISA_USAGE = YES_ERROR;
				CLANG_WARN_DOCUMENTATION_COMMENTS = YES;
				CLANG_WARN_EMPTY_BODY = YES;
				CLANG_WARN_ENUM_CONVERSION = YES;
				CLANG_WARN_INFINITE_RECURSION = YES;
				CLANG_WARN_INT_CONVERSION = YES;
				CLANG_WARN_NON_LITERAL_NULL_CONVERSION = YES;
				CLANG_WARN_OBJC_IMPLICIT_RETAIN_SELF = YES;
				CLANG_WARN_OBJC_LITERAL_CONVERSION = YES;
				CLANG_WARN_OBJC_ROOT_CLASS = YES_ERROR;
				CLANG_WARN_QUOTED_INCLUDE_IN_FRAMEWORK_HEADER = YES;
				CLANG_WARN_RANGE_LOOP_ANALYSIS = YES;
				CLANG_WARN_STRICT_PROTOTYPES = YES;
				CLANG_WARN_SUSPICIOUS_MOVE = YES;
				CLANG_WARN_UNGUARDED_AVAILABILITY = YES_AGGRESSIVE;
				CLANG_WARN_UNREACHABLE_CODE = YES;
				CLANG_WARN__DUPLICATE_METHOD_MATCH = YES;
				COPY_PHASE_STRIP = NO;
				DEBUG_INFORMATION_FORMAT = dwarf;
				ENABLE_STRICT_OBJC_MSGSEND = YES;
				ENABLE_TESTABILITY = YES;
				ENABLE_USER_SCRIPT_SANDBOXING = YES;
				GCC_C_LANGUAGE_STANDARD = gnu17;
				GCC_DYNAMIC_NO_PIC = NO;
				GCC_NO_COMMON_BLOCKS = YES;
				GCC_OPTIMIZATION_LEVEL = 0;
				GCC_PREPROCESSOR_DEFINITIONS = (
					"DEBUG=1",
					"$(inherited)",
				);
				GCC_WARN_64_TO_32_BIT_CONVERSION = YES;
				GCC_WARN_ABOUT_RETURN_TYPE = YES_ERROR;
				GCC_WARN_UNDECLARED_SELECTOR = YES;
				GCC_WARN_UNINITIALIZED_AUTOS = YES_AGGRESSIVE;
				GCC_WARN_UNUSED_FUNCTION = YES;
				GCC_WARN_UNUSED_VARIABLE = YES;
				IPHONEOS_DEPLOYMENT_TARGET = 17.5;
				LOCALIZATION_PREFERS_STRING_CATALOGS = YES;
				MTL_ENABLE_DEBUG_INFO = INCLUDE_SOURCE;
				MTL_FAST_MATH = YES;
				ONLY_ACTIVE_ARCH = YES;
				SDKROOT = iphoneos;
				SWIFT_ACTIVE_COMPILATION_CONDITIONS = "DEBUG $(inherited)";
				SWIFT_OPTIMIZATION_LEVEL = "-Onone";
			};
			name = Debug;
		};
		AF6B93DE2C9AAABF00892982 /* Release */ = {
			isa = XCBuildConfiguration;
			buildSettings = {
				ALWAYS_SEARCH_USER_PATHS = NO;
				ASSETCATALOG_COMPILER_GENERATE_SWIFT_ASSET_SYMBOL_EXTENSIONS = YES;
				CLANG_ANALYZER_NONNULL = YES;
				CLANG_ANALYZER_NUMBER_OBJECT_CONVERSION = YES_AGGRESSIVE;
				CLANG_CXX_LANGUAGE_STANDARD = "gnu++20";
				CLANG_ENABLE_MODULES = YES;
				CLANG_ENABLE_OBJC_ARC = YES;
				CLANG_ENABLE_OBJC_WEAK = YES;
				CLANG_WARN_BLOCK_CAPTURE_AUTORELEASING = YES;
				CLANG_WARN_BOOL_CONVERSION = YES;
				CLANG_WARN_COMMA = YES;
				CLANG_WARN_CONSTANT_CONVERSION = YES;
				CLANG_WARN_DEPRECATED_OBJC_IMPLEMENTATIONS = YES;
				CLANG_WARN_DIRECT_OBJC_ISA_USAGE = YES_ERROR;
				CLANG_WARN_DOCUMENTATION_COMMENTS = YES;
				CLANG_WARN_EMPTY_BODY = YES;
				CLANG_WARN_ENUM_CONVERSION = YES;
				CLANG_WARN_INFINITE_RECURSION = YES;
				CLANG_WARN_INT_CONVERSION = YES;
				CLANG_WARN_NON_LITERAL_NULL_CONVERSION = YES;
				CLANG_WARN_OBJC_IMPLICIT_RETAIN_SELF = YES;
				CLANG_WARN_OBJC_LITERAL_CONVERSION = YES;
				CLANG_WARN_OBJC_ROOT_CLASS = YES_ERROR;
				CLANG_WARN_QUOTED_INCLUDE_IN_FRAMEWORK_HEADER = YES;
				CLANG_WARN_RANGE_LOOP_ANALYSIS = YES;
				CLANG_WARN_STRICT_PROTOTYPES = YES;
				CLANG_WARN_SUSPICIOUS_MOVE = YES;
				CLANG_WARN_UNGUARDED_AVAILABILITY = YES_AGGRESSIVE;
				CLANG_WARN_UNREACHABLE_CODE = YES;
				CLANG_WARN__DUPLICATE_METHOD_MATCH = YES;
				COPY_PHASE_STRIP = NO;
				DEBUG_INFORMATION_FORMAT = "dwarf-with-dsym";
				ENABLE_NS_ASSERTIONS = NO;
				ENABLE_STRICT_OBJC_MSGSEND = YES;
				ENABLE_USER_SCRIPT_SANDBOXING = YES;
				GCC_C_LANGUAGE_STANDARD = gnu17;
				GCC_NO_COMMON_BLOCKS = YES;
				GCC_WARN_64_TO_32_BIT_CONVERSION = YES;
				GCC_WARN_ABOUT_RETURN_TYPE = YES_ERROR;
				GCC_WARN_UNDECLARED_SELECTOR = YES;
				GCC_WARN_UNINITIALIZED_AUTOS = YES_AGGRESSIVE;
				GCC_WARN_UNUSED_FUNCTION = YES;
				GCC_WARN_UNUSED_VARIABLE = YES;
				IPHONEOS_DEPLOYMENT_TARGET = 17.5;
				LOCALIZATION_PREFERS_STRING_CATALOGS = YES;
				MTL_ENABLE_DEBUG_INFO = NO;
				MTL_FAST_MATH = YES;
				SDKROOT = iphoneos;
				SWIFT_COMPILATION_MODE = wholemodule;
				VALIDATE_PRODUCT = YES;
			};
			name = Release;
		};
		AF6B93E02C9AAABF00892982 /* Debug */ = {
			isa = XCBuildConfiguration;
			buildSettings = {
				ASSETCATALOG_COMPILER_APPICON_NAME = AppIcon;
				ASSETCATALOG_COMPILER_GLOBAL_ACCENT_COLOR_NAME = AccentColor;
				CODE_SIGN_STYLE = Automatic;
				CURRENT_PROJECT_VERSION = 1;
				DEVELOPMENT_TEAM = N5MYS96KJV;
				GENERATE_INFOPLIST_FILE = YES;
				INFOPLIST_FILE = HarryPotterWiki/Info.plist;
				INFOPLIST_KEY_UIApplicationSupportsIndirectInputEvents = YES;
				INFOPLIST_KEY_UILaunchStoryboardName = LaunchScreen;
				INFOPLIST_KEY_UISupportedInterfaceOrientations = UIInterfaceOrientationPortrait;
				INFOPLIST_KEY_UISupportedInterfaceOrientations_iPad = "UIInterfaceOrientationLandscapeLeft UIInterfaceOrientationLandscapeRight UIInterfaceOrientationPortrait UIInterfaceOrientationPortraitUpsideDown";
				IPHONEOS_DEPLOYMENT_TARGET = 16.0;
				LD_RUNPATH_SEARCH_PATHS = (
					"$(inherited)",
					"@executable_path/Frameworks",
				);
				MARKETING_VERSION = 1.0;
				PRODUCT_BUNDLE_IDENTIFIER = com.huang.HarryPotterWiki;
				PRODUCT_NAME = "$(TARGET_NAME)";
				SUPPORTED_PLATFORMS = "iphoneos iphonesimulator";
				SUPPORTS_MACCATALYST = NO;
				SUPPORTS_MAC_DESIGNED_FOR_IPHONE_IPAD = NO;
				SUPPORTS_XR_DESIGNED_FOR_IPHONE_IPAD = NO;
				SWIFT_EMIT_LOC_STRINGS = YES;
				SWIFT_VERSION = 5.0;
				TARGETED_DEVICE_FAMILY = 1;
			};
			name = Debug;
		};
		AF6B93E12C9AAABF00892982 /* Release */ = {
			isa = XCBuildConfiguration;
			buildSettings = {
				ASSETCATALOG_COMPILER_APPICON_NAME = AppIcon;
				ASSETCATALOG_COMPILER_GLOBAL_ACCENT_COLOR_NAME = AccentColor;
				CODE_SIGN_STYLE = Automatic;
				CURRENT_PROJECT_VERSION = 1;
				DEVELOPMENT_TEAM = N5MYS96KJV;
				GENERATE_INFOPLIST_FILE = YES;
				INFOPLIST_FILE = HarryPotterWiki/Info.plist;
				INFOPLIST_KEY_UIApplicationSupportsIndirectInputEvents = YES;
				INFOPLIST_KEY_UILaunchStoryboardName = LaunchScreen;
				INFOPLIST_KEY_UISupportedInterfaceOrientations = UIInterfaceOrientationPortrait;
				INFOPLIST_KEY_UISupportedInterfaceOrientations_iPad = "UIInterfaceOrientationLandscapeLeft UIInterfaceOrientationLandscapeRight UIInterfaceOrientationPortrait UIInterfaceOrientationPortraitUpsideDown";
				IPHONEOS_DEPLOYMENT_TARGET = 16.0;
				LD_RUNPATH_SEARCH_PATHS = (
					"$(inherited)",
					"@executable_path/Frameworks",
				);
				MARKETING_VERSION = 1.0;
				PRODUCT_BUNDLE_IDENTIFIER = com.huang.HarryPotterWiki;
				PRODUCT_NAME = "$(TARGET_NAME)";
				SUPPORTED_PLATFORMS = "iphoneos iphonesimulator";
				SUPPORTS_MACCATALYST = NO;
				SUPPORTS_MAC_DESIGNED_FOR_IPHONE_IPAD = NO;
				SUPPORTS_XR_DESIGNED_FOR_IPHONE_IPAD = NO;
				SWIFT_EMIT_LOC_STRINGS = YES;
				SWIFT_VERSION = 5.0;
				TARGETED_DEVICE_FAMILY = 1;
			};
			name = Release;
		};
/* End XCBuildConfiguration section */

/* Begin XCConfigurationList section */
		AF6B93C62C9AAABC00892982 /* Build configuration list for PBXProject "HarryPotterWiki" */ = {
			isa = XCConfigurationList;
			buildConfigurations = (
				AF6B93DD2C9AAABF00892982 /* Debug */,
				AF6B93DE2C9AAABF00892982 /* Release */,
			);
			defaultConfigurationIsVisible = 0;
			defaultConfigurationName = Release;
		};
		AF6B93DF2C9AAABF00892982 /* Build configuration list for PBXNativeTarget "HarryPotterWiki" */ = {
			isa = XCConfigurationList;
			buildConfigurations = (
				AF6B93E02C9AAABF00892982 /* Debug */,
				AF6B93E12C9AAABF00892982 /* Release */,
			);
			defaultConfigurationIsVisible = 0;
			defaultConfigurationName = Release;
		};
/* End XCConfigurationList section */
	};
	rootObject = AF6B93C32C9AAABC00892982 /* Project object */;
}
